// !$*UTF8*$!
{
	archiveVersion = 1;
	classes = {
	};
	objectVersion = 46;
	objects = {

/* Begin PBXBuildFile section */
		BFC0B7341E95F3DA0079F1E3 /* main.m in Sources */ = {isa = PBXBuildFile; fileRef = BFC0B7331E95F3DA0079F1E3 /* main.m */; };
		BFC0B7371E95F3DA0079F1E3 /* AppDelegate.m in Sources */ = {isa = PBXBuildFile; fileRef = BFC0B7361E95F3DA0079F1E3 /* AppDelegate.m */; };
		BFC0B73A1E95F3DA0079F1E3 /* ViewController.m in Sources */ = {isa = PBXBuildFile; fileRef = BFC0B7391E95F3DA0079F1E3 /* ViewController.m */; };
		BFC0B73D1E95F3DA0079F1E3 /* Main.storyboard in Resources */ = {isa = PBXBuildFile; fileRef = BFC0B73B1E95F3DA0079F1E3 /* Main.storyboard */; };
		BFC0B73F1E95F3DA0079F1E3 /* Assets.xcassets in Resources */ = {isa = PBXBuildFile; fileRef = BFC0B73E1E95F3DA0079F1E3 /* Assets.xcassets */; };
		BFC0B7421E95F3DA0079F1E3 /* LaunchScreen.storyboard in Resources */ = {isa = PBXBuildFile; fileRef = BFC0B7401E95F3DA0079F1E3 /* LaunchScreen.storyboard */; };
		BFC0B74B1E95F4660079F1E3 /* LYTween.m in Sources */ = {isa = PBXBuildFile; fileRef = BFC0B74A1E95F4660079F1E3 /* LYTween.m */; };
		BFC0B74E1E9615E70079F1E3 /* LYDetailVC.m in Sources */ = {isa = PBXBuildFile; fileRef = BFC0B74D1E9615E70079F1E3 /* LYDetailVC.m */; };
/* End PBXBuildFile section */

/* Begin PBXFileReference section */
		BFC0B72F1E95F3DA0079F1E3 /* LYTween.app */ = {isa = PBXFileReference; explicitFileType = wrapper.application; includeInIndex = 0; path = LYTween.app; sourceTree = BUILT_PRODUCTS_DIR; };
		BFC0B7331E95F3DA0079F1E3 /* main.m */ = {isa = PBXFileReference; lastKnownFileType = sourcecode.c.objc; path = main.m; sourceTree = "<group>"; };
		BFC0B7351E95F3DA0079F1E3 /* AppDelegate.h */ = {isa = PBXFileReference; lastKnownFileType = sourcecode.c.h; path = AppDelegate.h; sourceTree = "<group>"; };
		BFC0B7361E95F3DA0079F1E3 /* AppDelegate.m */ = {isa = PBXFileReference; lastKnownFileType = sourcecode.c.objc; path = AppDelegate.m; sourceTree = "<group>"; };
		BFC0B7381E95F3DA0079F1E3 /* ViewController.h */ = {isa = PBXFileReference; lastKnownFileType = sourcecode.c.h; path = ViewController.h; sourceTree = "<group>"; };
		BFC0B7391E95F3DA0079F1E3 /* ViewController.m */ = {isa = PBXFileReference; lastKnownFileType = sourcecode.c.objc; path = ViewController.m; sourceTree = "<group>"; };
		BFC0B73C1E95F3DA0079F1E3 /* Base */ = {isa = PBXFileReference; lastKnownFileType = file.storyboard; name = Base; path = Base.lproj/Main.storyboard; sourceTree = "<group>"; };
		BFC0B73E1E95F3DA0079F1E3 /* Assets.xcassets */ = {isa = PBXFileReference; lastKnownFileType = folder.assetcatalog; path = Assets.xcassets; sourceTree = "<group>"; };
		BFC0B7411E95F3DA0079F1E3 /* Base */ = {isa = PBXFileReference; lastKnownFileType = file.storyboard; name = Base; path = Base.lproj/LaunchScreen.storyboard; sourceTree = "<group>"; };
		BFC0B7431E95F3DA0079F1E3 /* Info.plist */ = {isa = PBXFileReference; lastKnownFileType = text.plist.xml; path = Info.plist; sourceTree = "<group>"; };
		BFC0B7491E95F4660079F1E3 /* LYTween.h */ = {isa = PBXFileReference; fileEncoding = 4; lastKnownFileType = sourcecode.c.h; path = LYTween.h; sourceTree = "<group>"; };
		BFC0B74A1E95F4660079F1E3 /* LYTween.m */ = {isa = PBXFileReference; fileEncoding = 4; lastKnownFileType = sourcecode.c.objc; path = LYTween.m; sourceTree = "<group>"; };
		BFC0B74C1E9615E70079F1E3 /* LYDetailVC.h */ = {isa = PBXFileReference; fileEncoding = 4; lastKnownFileType = sourcecode.c.h; path = LYDetailVC.h; sourceTree = "<group>"; };
		BFC0B74D1E9615E70079F1E3 /* LYDetailVC.m */ = {isa = PBXFileReference; fileEncoding = 4; lastKnownFileType = sourcecode.c.objc; path = LYDetailVC.m; sourceTree = "<group>"; };
/* End PBXFileReference section */

/* Begin PBXFrameworksBuildPhase section */
		BFC0B72C1E95F3DA0079F1E3 /* Frameworks */ = {
			isa = PBXFrameworksBuildPhase;
			buildActionMask = 2147483647;
			files = (
			);
			runOnlyForDeploymentPostprocessing = 0;
		};
/* End PBXFrameworksBuildPhase section */

/* Begin PBXGroup section */
		BFC0B7261E95F3DA0079F1E3 = {
			isa = PBXGroup;
			children = (
				BFC0B7311E95F3DA0079F1E3 /* LYTween */,
				BFC0B7301E95F3DA0079F1E3 /* Products */,
			);
			sourceTree = "<group>";
		};
		BFC0B7301E95F3DA0079F1E3 /* Products */ = {
			isa = PBXGroup;
			children = (
				BFC0B72F1E95F3DA0079F1E3 /* LYTween.app */,
			);
			name = Products;
			sourceTree = "<group>";
		};
		BFC0B7311E95F3DA0079F1E3 /* LYTween */ = {
			isa = PBXGroup;
			children = (
				BFC0B7351E95F3DA0079F1E3 /* AppDelegate.h */,
				BFC0B7361E95F3DA0079F1E3 /* AppDelegate.m */,
				BFC0B7381E95F3DA0079F1E3 /* ViewController.h */,
				BFC0B7391E95F3DA0079F1E3 /* ViewController.m */,
				BFC0B74C1E9615E70079F1E3 /* LYDetailVC.h */,
				BFC0B74D1E9615E70079F1E3 /* LYDetailVC.m */,
				BFC0B7491E95F4660079F1E3 /* LYTween.h */,
				BFC0B74A1E95F4660079F1E3 /* LYTween.m */,
				BFC0B73B1E95F3DA0079F1E3 /* Main.storyboard */,
				BFC0B73E1E95F3DA0079F1E3 /* Assets.xcassets */,
				BFC0B7401E95F3DA0079F1E3 /* LaunchScreen.storyboard */,
				BFC0B7431E95F3DA0079F1E3 /* Info.plist */,
				BFC0B7321E95F3DA0079F1E3 /* Supporting Files */,
			);
			path = LYTween;
			sourceTree = "<group>";
		};
		BFC0B7321E95F3DA0079F1E3 /* Supporting Files */ = {
			isa = PBXGroup;
			children = (
				BFC0B7331E95F3DA0079F1E3 /* main.m */,
			);
			name = "Supporting Files";
			sourceTree = "<group>";
		};
/* End PBXGroup section */

/* Begin PBXNativeTarget section */
		BFC0B72E1E95F3DA0079F1E3 /* LYTween */ = {
			isa = PBXNativeTarget;
			buildConfigurationList = BFC0B7461E95F3DA0079F1E3 /* Build configuration list for PBXNativeTarget "LYTween" */;
			buildPhases = (
				BFC0B72B1E95F3DA0079F1E3 /* Sources */,
				BFC0B72C1E95F3DA0079F1E3 /* Frameworks */,
				BFC0B72D1E95F3DA0079F1E3 /* Resources */,
			);
			buildRules = (
			);
			dependencies = (
			);
			name = LYTween;
			productName = LYTween;
			productReference = BFC0B72F1E95F3DA0079F1E3 /* LYTween.app */;
			productType = "com.apple.product-type.application";
		};
/* End PBXNativeTarget section */

/* Begin PBXProject section */
		BFC0B7271E95F3DA0079F1E3 /* Project object */ = {
			isa = PBXProject;
			attributes = {
				LastUpgradeCheck = 0830;
				ORGANIZATIONNAME = louis;
				TargetAttributes = {
					BFC0B72E1E95F3DA0079F1E3 = {
						CreatedOnToolsVersion = 8.3;
						DevelopmentTeam = 7WKWPE7LAN;
						ProvisioningStyle = Automatic;
					};
				};
			};
			buildConfigurationList = BFC0B72A1E95F3DA0079F1E3 /* Build configuration list for PBXProject "LYTween" */;
			compatibilityVersion = "Xcode 3.2";
			developmentRegion = English;
			hasScannedForEncodings = 0;
			knownRegions = (
				en,
				Base,
			);
			mainGroup = BFC0B7261E95F3DA0079F1E3;
			productRefGroup = BFC0B7301E95F3DA0079F1E3 /* Products */;
			projectDirPath = "";
			projectRoot = "";
			targets = (
				BFC0B72E1E95F3DA0079F1E3 /* LYTween */,
			);
		};
/* End PBXProject section */

/* Begin PBXResourcesBuildPhase section */
		BFC0B72D1E95F3DA0079F1E3 /* Resources */ = {
			isa = PBXResourcesBuildPhase;
			buildActionMask = 2147483647;
			files = (
				BFC0B7421E95F3DA0079F1E3 /* LaunchScreen.storyboard in Resources */,
				BFC0B73F1E95F3DA0079F1E3 /* Assets.xcassets in Resources */,
				BFC0B73D1E95F3DA0079F1E3 /* Main.storyboard in Resources */,
			);
			runOnlyForDeploymentPostprocessing = 0;
		};
/* End PBXResourcesBuildPhase section */

/* Begin PBXSourcesBuildPhase section */
		BFC0B72B1E95F3DA0079F1E3 /* Sources */ = {
			isa = PBXSourcesBuildPhase;
			buildActionMask = 2147483647;
			files = (
				BFC0B74B1E95F4660079F1E3 /* LYTween.m in Sources */,
				BFC0B74E1E9615E70079F1E3 /* LYDetailVC.m in Sources */,
				BFC0B73A1E95F3DA0079F1E3 /* ViewController.m in Sources */,
				BFC0B7371E95F3DA0079F1E3 /* AppDelegate.m in Sources */,
				BFC0B7341E95F3DA0079F1E3 /* main.m in Sources */,
			);
			runOnlyForDeploymentPostprocessing = 0;
		};
/* End PBXSourcesBuildPhase section */

/* Begin PBXVariantGroup section */
		BFC0B73B1E95F3DA0079F1E3 /* Main.storyboard */ = {
			isa = PBXVariantGroup;
			children = (
				BFC0B73C1E95F3DA0079F1E3 /* Base */,
			);
			name = Main.storyboard;
			sourceTree = "<group>";
		};
		BFC0B7401E95F3DA0079F1E3 /* LaunchScreen.storyboard */ = {
			isa = PBXVariantGroup;
			children = (
				BFC0B7411E95F3DA0079F1E3 /* Base */,
			);
			name = LaunchScreen.storyboard;
			sourceTree = "<group>";
		};
/* End PBXVariantGroup section */

/* Begin XCBuildConfiguration section */
		BFC0B7441E95F3DA0079F1E3 /* Debug */ = {
			isa = XCBuildConfiguration;
			buildSettings = {
				ALWAYS_SEARCH_USER_PATHS = NO;
				CLANG_ANALYZER_NONNULL = YES;
				CLANG_ANALYZER_NUMBER_OBJECT_CONVERSION = YES_AGGRESSIVE;
				CLANG_CXX_LANGUAGE_STANDARD = "gnu++0x";
				CLANG_CXX_LIBRARY = "libc++";
				CLANG_ENABLE_MODULES = YES;
				CLANG_ENABLE_OBJC_ARC = YES;
				CLANG_WARN_BOOL_CONVERSION = YES;
				CLANG_WARN_CONSTANT_CONVERSION = YES;
				CLANG_WARN_DIRECT_OBJC_ISA_USAGE = YES_ERROR;
				CLANG_WARN_DOCUMENTATION_COMMENTS = YES;
				CLANG_WARN_EMPTY_BODY = YES;
				CLANG_WARN_ENUM_CONVERSION = YES;
				CLANG_WARN_INFINITE_RECURSION = YES;
				CLANG_WARN_INT_CONVERSION = YES;
				CLANG_WARN_OBJC_ROOT_CLASS = YES_ERROR;
				CLANG_WARN_SUSPICIOUS_MOVE = YES;
				CLANG_WARN_UNREACHABLE_CODE = YES;
				CLANG_WARN__DUPLICATE_METHOD_MATCH = YES;
				"CODE_SIGN_IDENTITY[sdk=iphoneos*]" = "iPhone Developer";
				COPY_PHASE_STRIP = NO;
				DEBUG_INFORMATION_FORMAT = dwarf;
				ENABLE_STRICT_OBJC_MSGSEND = YES;
				ENABLE_TESTABILITY = YES;
				GCC_C_LANGUAGE_STANDARD = gnu99;
				GCC_DYNAMIC_NO_PIC = NO;
				GCC_NO_COMMON_BLOCKS = YES;
				GCC_OPTIMIZATION_LEVEL = 0;
				GCC_PREPROCESSOR_DEFINITIONS = (
					"DEBUG=1",
					"$(inherited)",
				);
				GCC_WARN_64_TO_32_BIT_CONVERSION = YES;
				GCC_WARN_ABOUT_RETURN_TYPE = YES_ERROR;
				GCC_WARN_UNDECLARED_SELECTOR = YES;
				GCC_WARN_UNINITIALIZED_AUTOS = YES_AGGRESSIVE;
				GCC_WARN_UNUSED_FUNCTION = YES;
				GCC_WARN_UNUSED_VARIABLE = YES;
				IPHONEOS_DEPLOYMENT_TARGET = 10.3;
				MTL_ENABLE_DEBUG_INFO = YES;
				ONLY_ACTIVE_ARCH = YES;
				SDKROOT = iphoneos;
			};
			name = Debug;
		};
		BFC0B7451E95F3DA0079F1E3 /* Release */ = {
			isa = XCBuildConfiguration;
			buildSettings = {
				ALWAYS_SEARCH_USER_PATHS = NO;
				CLANG_ANALYZER_NONNULL = YES;
				CLANG_ANALYZER_NUMBER_OBJECT_CONVERSION = YES_AGGRESSIVE;
				CLANG_CXX_LANGUAGE_STANDARD = "gnu++0x";
				CLANG_CXX_LIBRARY = "libc++";
				CLANG_ENABLE_MODULES = YES;
				CLANG_ENABLE_OBJC_ARC = YES;
				CLANG_WARN_BOOL_CONVERSION = YES;
				CLANG_WARN_CONSTANT_CONVERSION = YES;
				CLANG_WARN_DIRECT_OBJC_ISA_USAGE = YES_ERROR;
				CLANG_WARN_DOCUMENTATION_COMMENTS = YES;
				CLANG_WARN_EMPTY_BODY = YES;
				CLANG_WARN_ENUM_CONVERSION = YES;
				CLANG_WARN_INFINITE_RECURSION = YES;
				CLANG_WARN_INT_CONVERSION = YES;
				CLANG_WARN_OBJC_ROOT_CLASS = YES_ERROR;
				CLANG_WARN_SUSPICIOUS_MOVE = YES;
				CLANG_WARN_UNREACHABLE_CODE = YES;
				CLANG_WARN__DUPLICATE_METHOD_MATCH = YES;
				"CODE_SIGN_IDENTITY[sdk=iphoneos*]" = "iPhone Developer";
				COPY_PHASE_STRIP = NO;
				DEBUG_INFORMATION_FORMAT = "dwarf-with-dsym";
				ENABLE_NS_ASSERTIONS = NO;
				ENABLE_STRICT_OBJC_MSGSEND = YES;
				GCC_C_LANGUAGE_STANDARD = gnu99;
				GCC_NO_COMMON_BLOCKS = YES;
				GCC_WARN_64_TO_32_BIT_CONVERSION = YES;
				GCC_WARN_ABOUT_RETURN_TYPE = YES_ERROR;
				GCC_WARN_UNDECLARED_SELECTOR = YES;
				GCC_WARN_UNINITIALIZED_AUTOS = YES_AGGRESSIVE;
				GCC_WARN_UNUSED_FUNCTION = YES;
				GCC_WARN_UNUSED_VARIABLE = YES;
				IPHONEOS_DEPLOYMENT_TARGET = 10.3;
				MTL_ENABLE_DEBUG_INFO = NO;
				SDKROOT = iphoneos;
				VALIDATE_PRODUCT = YES;
			};
			name = Release;
		};
		BFC0B7471E95F3DA0079F1E3 /* Debug */ = {
			isa = XCBuildConfiguration;
			buildSettings = {
				ASSETCATALOG_COMPILER_APPICON_NAME = AppIcon;
				DEVELOPMENT_TEAM = 7WKWPE7LAN;
				INFOPLIST_FILE = LYTween/Info.plist;
				IPHONEOS_DEPLOYMENT_TARGET = 9.2;
				LD_RUNPATH_SEARCH_PATHS = "$(inherited) @executable_path/Frameworks";
				PRODUCT_BUNDLE_IDENTIFIER = com.louis.LYTween;
				PRODUCT_NAME = "$(TARGET_NAME)";
			};
			name = Debug;
		};
		BFC0B7481E95F3DA0079F1E3 /* Release */ = {
			isa = XCBuildConfiguration;
			buildSettings = {
				ASSETCATALOG_COMPILER_APPICON_NAME = AppIcon;
				DEVELOPMENT_TEAM = 7WKWPE7LAN;
				INFOPLIST_FILE = LYTween/Info.plist;
				IPHONEOS_DEPLOYMENT_TARGET = 9.2;
				LD_RUNPATH_SEARCH_PATHS = "$(inherited) @executable_path/Frameworks";
				PRODUCT_BUNDLE_IDENTIFIER = com.louis.LYTween;
				PRODUCT_NAME = "$(TARGET_NAME)";
			};
			name = Release;
		};
/* End XCBuildConfiguration section */

/* Begin XCConfigurationList section */
		BFC0B72A1E95F3DA0079F1E3 /* Build configuration list for PBXProject "LYTween" */ = {
			isa = XCConfigurationList;
			buildConfigurations = (
				BFC0B7441E95F3DA0079F1E3 /* Debug */,
				BFC0B7451E95F3DA0079F1E3 /* Release */,
			);
			defaultConfigurationIsVisible = 0;
			defaultConfigurationName = Release;
		};
		BFC0B7461E95F3DA0079F1E3 /* Build configuration list for PBXNativeTarget "LYTween" */ = {
			isa = XCConfigurationList;
			buildConfigurations = (
				BFC0B7471E95F3DA0079F1E3 /* Debug */,
				BFC0B7481E95F3DA0079F1E3 /* Release */,
			);
			defaultConfigurationIsVisible = 0;
		};
/* End XCConfigurationList section */
	};
	rootObject = BFC0B7271E95F3DA0079F1E3 /* Project object */;
}
